
Microsoft Visual Studio Solution File, Format Version 12.00
# Visual Studio Version 17
VisualStudioVersion = 17.6.33712.159
MinimumVisualStudioVersion = 10.0.40219.1
Project("{FAE04EC0-301F-11D3-BF4B-00C04F79EFBC}") = "ToDue.API", "ToDue.API\ToDue.API.csproj", "{7E54FA3A-4E98-4AAA-B907-20BCF13677A4}"
EndProject
Project("{FAE04EC0-301F-11D3-BF4B-00C04F79EFBC}") = "ToDueViewModels", "ToDueViewModels\ToDueViewModels.csproj", "{DE211C37-6F84-4844-B0EF-BC154C81C0E9}"
EndProject
Global
	GlobalSection(SolutionConfigurationPlatforms) = preSolution
		Debug|Any CPU = Debug|Any CPU
		Release|Any CPU = Release|Any CPU
	EndGlobalSection
	GlobalSection(ProjectConfigurationPlatforms) = postSolution
		{7E54FA3A-4E98-4AAA-B907-20BCF13677A4}.Debug|Any CPU.ActiveCfg = Debug|Any CPU
		{7E54FA3A-4E98-4AAA-B907-20BCF13677A4}.Debug|Any CPU.Build.0 = Debug|Any CPU
		{7E54FA3A-4E98-4AAA-B907-20BCF13677A4}.Release|Any CPU.ActiveCfg = Release|Any CPU
		{7E54FA3A-4E98-4AAA-B907-20BCF13677A4}.Release|Any CPU.Build.0 = Release|Any CPU
		{DE211C37-6F84-4844-B0EF-BC154C81C0E9}.Debug|Any CPU.ActiveCfg = Debug|Any CPU
		{DE211C37-6F84-4844-B0EF-BC154C81C0E9}.Debug|Any CPU.Build.0 = Debug|Any CPU
		{DE211C37-6F84-4844-B0EF-BC154C81C0E9}.Release|Any CPU.ActiveCfg = Release|Any CPU
		{DE211C37-6F84-4844-B0EF-BC154C81C0E9}.Release|Any CPU.Build.0 = Release|Any CPU
	EndGlobalSection
	GlobalSection(SolutionProperties) = preSolution
		HideSolutionNode = FALSE
	EndGlobalSection
	GlobalSection(ExtensibilityGlobals) = postSolution
		SolutionGuid = {D9AC6A49-9A2E-451D-90BA-03FAEE731073}
	EndGlobalSection
EndGlobal
